
Microsoft Visual Studio Solution File, Format Version 12.00
# Visual Studio Version 16
VisualStudioVersion = 16.0.31321.278
MinimumVisualStudioVersion = 10.0.40219.1
Project("{888888A0-9F3D-457C-B088-3A5042F75D52}") = "Blackjack_Group7", "Blackjack_Group7.pyproj", "{042E1CED-7E78-4C21-87F8-06D32048845C}"
EndProject
Global
	GlobalSection(SolutionConfigurationPlatforms) = preSolution
		Debug|Any CPU = Debug|Any CPU
		Release|Any CPU = Release|Any CPU
	EndGlobalSection
	GlobalSection(ProjectConfigurationPlatforms) = postSolution
		{042E1CED-7E78-4C21-87F8-06D32048845C}.Debug|Any CPU.ActiveCfg = Debug|Any CPU
		{042E1CED-7E78-4C21-87F8-06D32048845C}.Release|Any CPU.ActiveCfg = Release|Any CPU
	EndGlobalSection
	GlobalSection(SolutionProperties) = preSolution
		HideSolutionNode = FALSE
	EndGlobalSection
	GlobalSection(ExtensibilityGlobals) = postSolution
		SolutionGuid = {8392FD2A-51B0-400C-8BAB-1920F4C41C08}
	EndGlobalSection
EndGlobal
